
Microsoft Visual Studio Solution File, Format Version 12.00
# Visual Studio 15
VisualStudioVersion = 15.0.26730.16
MinimumVisualStudioVersion = 10.0.40219.1
Project("{FAE04EC0-301F-11D3-BF4B-00C04F79EFBC}") = "Tariff", "Tariff\Tariff.csproj", "{1C37B7D2-9F3F-476B-9DA1-8A09203B3DCB}"
EndProject
Project("{FAE04EC0-301F-11D3-BF4B-00C04F79EFBC}") = "Tariff.Example", "Tariff.Example\Tariff.Example.csproj", "{B9226EBB-073E-4429-8BAC-488320477F71}"
EndProject
Project("{FAE04EC0-301F-11D3-BF4B-00C04F79EFBC}") = "Tarif.Test", "Tarif.Test\Tarif.Test.csproj", "{8BDCB54A-608F-4FDC-B9D6-29543F04FD32}"
EndProject
Global
	GlobalSection(SolutionConfigurationPlatforms) = preSolution
		Debug|Any CPU = Debug|Any CPU
		Release|Any CPU = Release|Any CPU
	EndGlobalSection
	GlobalSection(ProjectConfigurationPlatforms) = postSolution
		{1C37B7D2-9F3F-476B-9DA1-8A09203B3DCB}.Debug|Any CPU.ActiveCfg = Debug|Any CPU
		{1C37B7D2-9F3F-476B-9DA1-8A09203B3DCB}.Debug|Any CPU.Build.0 = Debug|Any CPU
		{1C37B7D2-9F3F-476B-9DA1-8A09203B3DCB}.Release|Any CPU.ActiveCfg = Release|Any CPU
		{1C37B7D2-9F3F-476B-9DA1-8A09203B3DCB}.Release|Any CPU.Build.0 = Release|Any CPU
		{B9226EBB-073E-4429-8BAC-488320477F71}.Debug|Any CPU.ActiveCfg = Debug|Any CPU
		{B9226EBB-073E-4429-8BAC-488320477F71}.Debug|Any CPU.Build.0 = Debug|Any CPU
		{B9226EBB-073E-4429-8BAC-488320477F71}.Release|Any CPU.ActiveCfg = Release|Any CPU
		{B9226EBB-073E-4429-8BAC-488320477F71}.Release|Any CPU.Build.0 = Release|Any CPU
		{8BDCB54A-608F-4FDC-B9D6-29543F04FD32}.Debug|Any CPU.ActiveCfg = Debug|Any CPU
		{8BDCB54A-608F-4FDC-B9D6-29543F04FD32}.Debug|Any CPU.Build.0 = Debug|Any CPU
		{8BDCB54A-608F-4FDC-B9D6-29543F04FD32}.Release|Any CPU.ActiveCfg = Release|Any CPU
		{8BDCB54A-608F-4FDC-B9D6-29543F04FD32}.Release|Any CPU.Build.0 = Release|Any CPU
	EndGlobalSection
	GlobalSection(SolutionProperties) = preSolution
		HideSolutionNode = FALSE
	EndGlobalSection
	GlobalSection(ExtensibilityGlobals) = postSolution
		SolutionGuid = {86CB7514-47C1-4EBB-B245-56D34D4A7C07}
	EndGlobalSection
EndGlobal
